// !$*UTF8*$!
{
	archiveVersion = 1;
	classes = {
	};
	objectVersion = 50;
	objects = {

/* Begin PBXBuildFile section */
		FE2B398F20847FA200BA92A4 /* AppDelegate.swift in Sources */ = {isa = PBXBuildFile; fileRef = FE2B398E20847FA200BA92A4 /* AppDelegate.swift */; };
		FE2B399120847FA200BA92A4 /* ViewController.swift in Sources */ = {isa = PBXBuildFile; fileRef = FE2B399020847FA200BA92A4 /* ViewController.swift */; };
		FE2B399420847FA200BA92A4 /* Main.storyboard in Resources */ = {isa = PBXBuildFile; fileRef = FE2B399220847FA200BA92A4 /* Main.storyboard */; };
		FE2B399620847FA300BA92A4 /* Assets.xcassets in Resources */ = {isa = PBXBuildFile; fileRef = FE2B399520847FA300BA92A4 /* Assets.xcassets */; };
		FE2B399920847FA300BA92A4 /* LaunchScreen.storyboard in Resources */ = {isa = PBXBuildFile; fileRef = FE2B399720847FA300BA92A4 /* LaunchScreen.storyboard */; };
		FE2B39A4208480D400BA92A4 /* HLAlert.swift in Sources */ = {isa = PBXBuildFile; fileRef = FE2B39A3208480D400BA92A4 /* HLAlert.swift */; };
/* End PBXBuildFile section */

/* Begin PBXFileReference section */
		FE2B398B20847FA200BA92A4 /* HLAlertDemo.app */ = {isa = PBXFileReference; explicitFileType = wrapper.application; includeInIndex = 0; path = HLAlertDemo.app; sourceTree = BUILT_PRODUCTS_DIR; };
		FE2B398E20847FA200BA92A4 /* AppDelegate.swift */ = {isa = PBXFileReference; lastKnownFileType = sourcecode.swift; path = AppDelegate.swift; sourceTree = "<group>"; };
		FE2B399020847FA200BA92A4 /* ViewController.swift */ = {isa = PBXFileReference; lastKnownFileType = sourcecode.swift; path = ViewController.swift; sourceTree = "<group>"; };
		FE2B399320847FA200BA92A4 /* Base */ = {isa = PBXFileReference; lastKnownFileType = file.storyboard; name = Base; path = Base.lproj/Main.storyboard; sourceTree = "<group>"; };
		FE2B399520847FA300BA92A4 /* Assets.xcassets */ = {isa = PBXFileReference; lastKnownFileType = folder.assetcatalog; path = Assets.xcassets; sourceTree = "<group>"; };
		FE2B399820847FA300BA92A4 /* Base */ = {isa = PBXFileReference; lastKnownFileType = file.storyboard; name = Base; path = Base.lproj/LaunchScreen.storyboard; sourceTree = "<group>"; };
		FE2B399A20847FA300BA92A4 /* Info.plist */ = {isa = PBXFileReference; lastKnownFileType = text.plist.xml; path = Info.plist; sourceTree = "<group>"; };
		FE2B39A3208480D400BA92A4 /* HLAlert.swift */ = {isa = PBXFileReference; fileEncoding = 4; lastKnownFileType = sourcecode.swift; path = HLAlert.swift; sourceTree = "<group>"; };
/* End PBXFileReference section */

/* Begin PBXFrameworksBuildPhase section */
		FE2B398820847FA200BA92A4 /* Frameworks */ = {
			isa = PBXFrameworksBuildPhase;
			buildActionMask = 2147483647;
			files = (
			);
			runOnlyForDeploymentPostprocessing = 0;
		};
/* End PBXFrameworksBuildPhase section */

/* Begin PBXGroup section */
		FE2B398220847FA200BA92A4 = {
			isa = PBXGroup;
			children = (
				FE2B398D20847FA200BA92A4 /* HLAlertDemo */,
				FE2B398C20847FA200BA92A4 /* Products */,
			);
			sourceTree = "<group>";
		};
		FE2B398C20847FA200BA92A4 /* Products */ = {
			isa = PBXGroup;
			children = (
				FE2B398B20847FA200BA92A4 /* HLAlertDemo.app */,
			);
			name = Products;
			sourceTree = "<group>";
		};
		FE2B398D20847FA200BA92A4 /* HLAlertDemo */ = {
			isa = PBXGroup;
			children = (
				FE2B398E20847FA200BA92A4 /* AppDelegate.swift */,
				FE2B399020847FA200BA92A4 /* ViewController.swift */,
				FE2B39A2208480D400BA92A4 /* HLAlert */,
				FE2B399220847FA200BA92A4 /* Main.storyboard */,
				FE2B399520847FA300BA92A4 /* Assets.xcassets */,
				FE2B399720847FA300BA92A4 /* LaunchScreen.storyboard */,
				FE2B399A20847FA300BA92A4 /* Info.plist */,
			);
			path = HLAlertDemo;
			sourceTree = "<group>";
		};
		FE2B39A2208480D400BA92A4 /* HLAlert */ = {
			isa = PBXGroup;
			children = (
				FE2B39A3208480D400BA92A4 /* HLAlert.swift */,
			);
			path = HLAlert;
			sourceTree = SOURCE_ROOT;
		};
/* End PBXGroup section */

/* Begin PBXNativeTarget section */
		FE2B398A20847FA200BA92A4 /* HLAlertDemo */ = {
			isa = PBXNativeTarget;
			buildConfigurationList = FE2B399D20847FA300BA92A4 /* Build configuration list for PBXNativeTarget "HLAlertDemo" */;
			buildPhases = (
				FE2B398720847FA200BA92A4 /* Sources */,
				FE2B398820847FA200BA92A4 /* Frameworks */,
				FE2B398920847FA200BA92A4 /* Resources */,
			);
			buildRules = (
			);
			dependencies = (
			);
			name = HLAlertDemo;
			productName = HLAlertDemo;
			productReference = FE2B398B20847FA200BA92A4 /* HLAlertDemo.app */;
			productType = "com.apple.product-type.application";
		};
/* End PBXNativeTarget section */

/* Begin PBXProject section */
		FE2B398320847FA200BA92A4 /* Project object */ = {
			isa = PBXProject;
			attributes = {
				LastSwiftUpdateCheck = 0930;
				LastUpgradeCheck = 0930;
				ORGANIZATIONNAME = "刘豪亮";
				TargetAttributes = {
					FE2B398A20847FA200BA92A4 = {
						CreatedOnToolsVersion = 9.3;
					};
				};
			};
			buildConfigurationList = FE2B398620847FA200BA92A4 /* Build configuration list for PBXProject "HLAlertDemo" */;
			compatibilityVersion = "Xcode 9.3";
			developmentRegion = en;
			hasScannedForEncodings = 0;
			knownRegions = (
				en,
				Base,
			);
			mainGroup = FE2B398220847FA200BA92A4;
			productRefGroup = FE2B398C20847FA200BA92A4 /* Products */;
			projectDirPath = "";
			projectRoot = "";
			targets = (
				FE2B398A20847FA200BA92A4 /* HLAlertDemo */,
			);
		};
/* End PBXProject section */

/* Begin PBXResourcesBuildPhase section */
		FE2B398920847FA200BA92A4 /* Resources */ = {
			isa = PBXResourcesBuildPhase;
			buildActionMask = 2147483647;
			files = (
				FE2B399920847FA300BA92A4 /* LaunchScreen.storyboard in Resources */,
				FE2B399620847FA300BA92A4 /* Assets.xcassets in Resources */,
				FE2B399420847FA200BA92A4 /* Main.storyboard in Resources */,
			);
			runOnlyForDeploymentPostprocessing = 0;
		};
/* End PBXResourcesBuildPhase section */

/* Begin PBXSourcesBuildPhase section */
		FE2B398720847FA200BA92A4 /* Sources */ = {
			isa = PBXSourcesBuildPhase;
			buildActionMask = 2147483647;
			files = (
				FE2B39A4208480D400BA92A4 /* HLAlert.swift in Sources */,
				FE2B399120847FA200BA92A4 /* ViewController.swift in Sources */,
				FE2B398F20847FA200BA92A4 /* AppDelegate.swift in Sources */,
			);
			runOnlyForDeploymentPostprocessing = 0;
		};
/* End PBXSourcesBuildPhase section */

/* Begin PBXVariantGroup section */
		FE2B399220847FA200BA92A4 /* Main.storyboard */ = {
			isa = PBXVariantGroup;
			children = (
				FE2B399320847FA200BA92A4 /* Base */,
			);
			name = Main.storyboard;
			sourceTree = "<group>";
		};
		FE2B399720847FA300BA92A4 /* LaunchScreen.storyboard */ = {
			isa = PBXVariantGroup;
			children = (
				FE2B399820847FA300BA92A4 /* Base */,
			);
			name = LaunchScreen.storyboard;
			sourceTree = "<group>";
		};
/* End PBXVariantGroup section */

/* Begin XCBuildConfiguration section */
		FE2B399B20847FA300BA92A4 /* Debug */ = {
			isa = XCBuildConfiguration;
			buildSettings = {
				ALWAYS_SEARCH_USER_PATHS = NO;
				CLANG_ANALYZER_NONNULL = YES;
				CLANG_ANALYZER_NUMBER_OBJECT_CONVERSION = YES_AGGRESSIVE;
				CLANG_CXX_LANGUAGE_STANDARD = "gnu++14";
				CLANG_CXX_LIBRARY = "libc++";
				CLANG_ENABLE_MODULES = YES;
				CLANG_ENABLE_OBJC_ARC = YES;
				CLANG_ENABLE_OBJC_WEAK = YES;
				CLANG_WARN_BLOCK_CAPTURE_AUTORELEASING = YES;
				CLANG_WARN_BOOL_CONVERSION = YES;
				CLANG_WARN_COMMA = YES;
				CLANG_WARN_CONSTANT_CONVERSION = YES;
				CLANG_WARN_DEPRECATED_OBJC_IMPLEMENTATIONS = YES;
				CLANG_WARN_DIRECT_OBJC_ISA_USAGE = YES_ERROR;
				CLANG_WARN_DOCUMENTATION_COMMENTS = YES;
				CLANG_WARN_EMPTY_BODY = YES;
				CLANG_WARN_ENUM_CONVERSION = YES;
				CLANG_WARN_INFINITE_RECURSION = YES;
				CLANG_WARN_INT_CONVERSION = YES;
				CLANG_WARN_NON_LITERAL_NULL_CONVERSION = YES;
				CLANG_WARN_OBJC_IMPLICIT_RETAIN_SELF = YES;
				CLANG_WARN_OBJC_LITERAL_CONVERSION = YES;
				CLANG_WARN_OBJC_ROOT_CLASS = YES_ERROR;
				CLANG_WARN_RANGE_LOOP_ANALYSIS = YES;
				CLANG_WARN_STRICT_PROTOTYPES = YES;
				CLANG_WARN_SUSPICIOUS_MOVE = YES;
				CLANG_WARN_UNGUARDED_AVAILABILITY = YES_AGGRESSIVE;
				CLANG_WARN_UNREACHABLE_CODE = YES;
				CLANG_WARN__DUPLICATE_METHOD_MATCH = YES;
				CODE_SIGN_IDENTITY = "iPhone Developer";
				COPY_PHASE_STRIP = NO;
				DEBUG_INFORMATION_FORMAT = dwarf;
				ENABLE_STRICT_OBJC_MSGSEND = YES;
				ENABLE_TESTABILITY = YES;
				GCC_C_LANGUAGE_STANDARD = gnu11;
				GCC_DYNAMIC_NO_PIC = NO;
				GCC_NO_COMMON_BLOCKS = YES;
				GCC_OPTIMIZATION_LEVEL = 0;
				GCC_PREPROCESSOR_DEFINITIONS = (
					"DEBUG=1",
					"$(inherited)",
				);
				GCC_WARN_64_TO_32_BIT_CONVERSION = YES;
				GCC_WARN_ABOUT_RETURN_TYPE = YES_ERROR;
				GCC_WARN_UNDECLARED_SELECTOR = YES;
				GCC_WARN_UNINITIALIZED_AUTOS = YES_AGGRESSIVE;
				GCC_WARN_UNUSED_FUNCTION = YES;
				GCC_WARN_UNUSED_VARIABLE = YES;
				IPHONEOS_DEPLOYMENT_TARGET = 11.3;
				MTL_ENABLE_DEBUG_INFO = YES;
				ONLY_ACTIVE_ARCH = YES;
				SDKROOT = iphoneos;
				SWIFT_ACTIVE_COMPILATION_CONDITIONS = DEBUG;
				SWIFT_OPTIMIZATION_LEVEL = "-Onone";
			};
			name = Debug;
		};
		FE2B399C20847FA300BA92A4 /* Release */ = {
			isa = XCBuildConfiguration;
			buildSettings = {
				ALWAYS_SEARCH_USER_PATHS = NO;
				CLANG_ANALYZER_NONNULL = YES;
				CLANG_ANALYZER_NUMBER_OBJECT_CONVERSION = YES_AGGRESSIVE;
				CLANG_CXX_LANGUAGE_STANDARD = "gnu++14";
				CLANG_CXX_LIBRARY = "libc++";
				CLANG_ENABLE_MODULES = YES;
				CLANG_ENABLE_OBJC_ARC = YES;
				CLANG_ENABLE_OBJC_WEAK = YES;
				CLANG_WARN_BLOCK_CAPTURE_AUTORELEASING = YES;
				CLANG_WARN_BOOL_CONVERSION = YES;
				CLANG_WARN_COMMA = YES;
				CLANG_WARN_CONSTANT_CONVERSION = YES;
				CLANG_WARN_DEPRECATED_OBJC_IMPLEMENTATIONS = YES;
				CLANG_WARN_DIRECT_OBJC_ISA_USAGE = YES_ERROR;
				CLANG_WARN_DOCUMENTATION_COMMENTS = YES;
				CLANG_WARN_EMPTY_BODY = YES;
				CLANG_WARN_ENUM_CONVERSION = YES;
				CLANG_WARN_INFINITE_RECURSION = YES;
				CLANG_WARN_INT_CONVERSION = YES;
				CLANG_WARN_NON_LITERAL_NULL_CONVERSION = YES;
				CLANG_WARN_OBJC_IMPLICIT_RETAIN_SELF = YES;
				CLANG_WARN_OBJC_LITERAL_CONVERSION = YES;
				CLANG_WARN_OBJC_ROOT_CLASS = YES_ERROR;
				CLANG_WARN_RANGE_LOOP_ANALYSIS = YES;
				CLANG_WARN_STRICT_PROTOTYPES = YES;
				CLANG_WARN_SUSPICIOUS_MOVE = YES;
				CLANG_WARN_UNGUARDED_AVAILABILITY = YES_AGGRESSIVE;
				CLANG_WARN_UNREACHABLE_CODE = YES;
				CLANG_WARN__DUPLICATE_METHOD_MATCH = YES;
				CODE_SIGN_IDENTITY = "iPhone Developer";
				COPY_PHASE_STRIP = NO;
				DEBUG_INFORMATION_FORMAT = "dwarf-with-dsym";
				ENABLE_NS_ASSERTIONS = NO;
				ENABLE_STRICT_OBJC_MSGSEND = YES;
				GCC_C_LANGUAGE_STANDARD = gnu11;
				GCC_NO_COMMON_BLOCKS = YES;
				GCC_WARN_64_TO_32_BIT_CONVERSION = YES;
				GCC_WARN_ABOUT_RETURN_TYPE = YES_ERROR;
				GCC_WARN_UNDECLARED_SELECTOR = YES;
				GCC_WARN_UNINITIALIZED_AUTOS = YES_AGGRESSIVE;
				GCC_WARN_UNUSED_FUNCTION = YES;
				GCC_WARN_UNUSED_VARIABLE = YES;
				IPHONEOS_DEPLOYMENT_TARGET = 11.3;
				MTL_ENABLE_DEBUG_INFO = NO;
				SDKROOT = iphoneos;
				SWIFT_COMPILATION_MODE = wholemodule;
				SWIFT_OPTIMIZATION_LEVEL = "-O";
				VALIDATE_PRODUCT = YES;
			};
			name = Release;
		};
		FE2B399E20847FA300BA92A4 /* Debug */ = {
			isa = XCBuildConfiguration;
			buildSettings = {
				ASSETCATALOG_COMPILER_APPICON_NAME = AppIcon;
				CODE_SIGN_STYLE = Automatic;
				DEVELOPMENT_TEAM = 4WU25QMXPY;
				INFOPLIST_FILE = HLAlertDemo/Info.plist;
				LD_RUNPATH_SEARCH_PATHS = (
					"$(inherited)",
					"@executable_path/Frameworks",
				);
				PRODUCT_BUNDLE_IDENTIFIER = com.jian24.HLAlertDemo;
				PRODUCT_NAME = "$(TARGET_NAME)";
				SWIFT_VERSION = 4.0;
				TARGETED_DEVICE_FAMILY = "1,2";
			};
			name = Debug;
		};
		FE2B399F20847FA300BA92A4 /* Release */ = {
			isa = XCBuildConfiguration;
			buildSettings = {
				ASSETCATALOG_COMPILER_APPICON_NAME = AppIcon;
				CODE_SIGN_STYLE = Automatic;
				DEVELOPMENT_TEAM = 4WU25QMXPY;
				INFOPLIST_FILE = HLAlertDemo/Info.plist;
				LD_RUNPATH_SEARCH_PATHS = (
					"$(inherited)",
					"@executable_path/Frameworks",
				);
				PRODUCT_BUNDLE_IDENTIFIER = com.jian24.HLAlertDemo;
				PRODUCT_NAME = "$(TARGET_NAME)";
				SWIFT_VERSION = 4.0;
				TARGETED_DEVICE_FAMILY = "1,2";
			};
			name = Release;
		};
/* End XCBuildConfiguration section */

/* Begin XCConfigurationList section */
		FE2B398620847FA200BA92A4 /* Build configuration list for PBXProject "HLAlertDemo" */ = {
			isa = XCConfigurationList;
			buildConfigurations = (
				FE2B399B20847FA300BA92A4 /* Debug */,
				FE2B399C20847FA300BA92A4 /* Release */,
			);
			defaultConfigurationIsVisible = 0;
			defaultConfigurationName = Release;
		};
		FE2B399D20847FA300BA92A4 /* Build configuration list for PBXNativeTarget "HLAlertDemo" */ = {
			isa = XCConfigurationList;
			buildConfigurations = (
				FE2B399E20847FA300BA92A4 /* Debug */,
				FE2B399F20847FA300BA92A4 /* Release */,
			);
			defaultConfigurationIsVisible = 0;
			defaultConfigurationName = Release;
		};
/* End XCConfigurationList section */
	};
	rootObject = FE2B398320847FA200BA92A4 /* Project object */;
}
